
Microsoft Visual Studio Solution File, Format Version 12.00
# Visual Studio 15
VisualStudioVersion = 15.0.28307.1972
MinimumVisualStudioVersion = 10.0.40219.1
Project("{8BC9CEB8-8B4A-11D0-8D11-00A0C91BC942}") = "ffmpeg-folder", "ffmpeg-folder\ffmpeg-folder.vcxproj", "{289C973E-96FA-4691-B5EC-8979B1EBF42D}"
EndProject
Project("{54435603-DBB4-11D2-8724-00A0C9A8B90C}") = "ffmpeg-folder-installer", "ffmpeg-folder-installer\ffmpeg-folder-installer.vdproj", "{06988612-D4D4-4F94-92B3-0832CBF439BC}"
EndProject
Global
	GlobalSection(SolutionConfigurationPlatforms) = preSolution
		Debug|x64 = Debug|x64
		Debug|x86 = Debug|x86
		Release|x64 = Release|x64
		Release|x86 = Release|x86
	EndGlobalSection
	GlobalSection(ProjectConfigurationPlatforms) = postSolution
		{289C973E-96FA-4691-B5EC-8979B1EBF42D}.Debug|x64.ActiveCfg = Debug|x64
		{289C973E-96FA-4691-B5EC-8979B1EBF42D}.Debug|x64.Build.0 = Debug|x64
		{289C973E-96FA-4691-B5EC-8979B1EBF42D}.Debug|x86.ActiveCfg = Debug|Win32
		{289C973E-96FA-4691-B5EC-8979B1EBF42D}.Debug|x86.Build.0 = Debug|Win32
		{289C973E-96FA-4691-B5EC-8979B1EBF42D}.Release|x64.ActiveCfg = Release|x64
		{289C973E-96FA-4691-B5EC-8979B1EBF42D}.Release|x64.Build.0 = Release|x64
		{289C973E-96FA-4691-B5EC-8979B1EBF42D}.Release|x86.ActiveCfg = Release|Win32
		{289C973E-96FA-4691-B5EC-8979B1EBF42D}.Release|x86.Build.0 = Release|Win32
		{06988612-D4D4-4F94-92B3-0832CBF439BC}.Debug|x64.ActiveCfg = Debug
		{06988612-D4D4-4F94-92B3-0832CBF439BC}.Debug|x86.ActiveCfg = Debug
		{06988612-D4D4-4F94-92B3-0832CBF439BC}.Debug|x86.Build.0 = Debug
		{06988612-D4D4-4F94-92B3-0832CBF439BC}.Release|x64.ActiveCfg = Release
		{06988612-D4D4-4F94-92B3-0832CBF439BC}.Release|x86.ActiveCfg = Release
	EndGlobalSection
	GlobalSection(SolutionProperties) = preSolution
		HideSolutionNode = FALSE
	EndGlobalSection
	GlobalSection(ExtensibilityGlobals) = postSolution
		SolutionGuid = {2BB89BFD-5734-449E-A001-D36248C1F17F}
	EndGlobalSection
EndGlobal
